// !$*UTF8*$!
{
	archiveVersion = 1;
	classes = {
	};
	objectVersion = 55;
	objects = {

/* Begin PBXBuildFile section */
		A983337D2BBC57FC00F30A05 /* VistaPedido.swift in Sources */ = {isa = PBXBuildFile; fileRef = A983337C2BBC57FC00F30A05 /* VistaPedido.swift */; };
		A983337F2BBC59D900F30A05 /* Ayuda.swift in Sources */ = {isa = PBXBuildFile; fileRef = A983337E2BBC59D900F30A05 /* Ayuda.swift */; };
		A98333812BBC5C0000F30A05 /* menu.swift in Sources */ = {isa = PBXBuildFile; fileRef = A98333802BBC5C0000F30A05 /* menu.swift */; };
		A98333832BBC5E7400F30A05 /* Comida.swift in Sources */ = {isa = PBXBuildFile; fileRef = A98333822BBC5E7400F30A05 /* Comida.swift */; };
		A98333852BBC68E500F30A05 /* DetalleComida.swift in Sources */ = {isa = PBXBuildFile; fileRef = A98333842BBC68E500F30A05 /* DetalleComida.swift */; };
		A9898A792BBC3DEA0009E086 /* CartaApp.swift in Sources */ = {isa = PBXBuildFile; fileRef = A9898A782BBC3DEA0009E086 /* CartaApp.swift */; };
		A9898A7B2BBC3DEA0009E086 /* ContentView.swift in Sources */ = {isa = PBXBuildFile; fileRef = A9898A7A2BBC3DEA0009E086 /* ContentView.swift */; };
		A9898A7D2BBC3DEE0009E086 /* Assets.xcassets in Resources */ = {isa = PBXBuildFile; fileRef = A9898A7C2BBC3DEE0009E086 /* Assets.xcassets */; };
		A9898A802BBC3DEE0009E086 /* Preview Assets.xcassets in Resources */ = {isa = PBXBuildFile; fileRef = A9898A7F2BBC3DEE0009E086 /* Preview Assets.xcassets */; };
		A9898A8A2BBC3DEF0009E086 /* CartaTests.swift in Sources */ = {isa = PBXBuildFile; fileRef = A9898A892BBC3DEF0009E086 /* CartaTests.swift */; };
		A9898A942BBC3DF00009E086 /* CartaUITests.swift in Sources */ = {isa = PBXBuildFile; fileRef = A9898A932BBC3DF00009E086 /* CartaUITests.swift */; };
		A9898A962BBC3DF00009E086 /* CartaUITestsLaunchTests.swift in Sources */ = {isa = PBXBuildFile; fileRef = A9898A952BBC3DF00009E086 /* CartaUITestsLaunchTests.swift */; };
/* End PBXBuildFile section */

/* Begin PBXContainerItemProxy section */
		A9898A862BBC3DEF0009E086 /* PBXContainerItemProxy */ = {
			isa = PBXContainerItemProxy;
			containerPortal = A9898A6D2BBC3DEA0009E086 /* Project object */;
			proxyType = 1;
			remoteGlobalIDString = A9898A742BBC3DEA0009E086;
			remoteInfo = Carta;
		};
		A9898A902BBC3DF00009E086 /* PBXContainerItemProxy */ = {
			isa = PBXContainerItemProxy;
			containerPortal = A9898A6D2BBC3DEA0009E086 /* Project object */;
			proxyType = 1;
			remoteGlobalIDString = A9898A742BBC3DEA0009E086;
			remoteInfo = Carta;
		};
/* End PBXContainerItemProxy section */

/* Begin PBXFileReference section */
		A983337C2BBC57FC00F30A05 /* VistaPedido.swift */ = {isa = PBXFileReference; lastKnownFileType = sourcecode.swift; path = VistaPedido.swift; sourceTree = "<group>"; };
		A983337E2BBC59D900F30A05 /* Ayuda.swift */ = {isa = PBXFileReference; lastKnownFileType = sourcecode.swift; path = Ayuda.swift; sourceTree = "<group>"; };
		A98333802BBC5C0000F30A05 /* menu.swift */ = {isa = PBXFileReference; lastKnownFileType = sourcecode.swift; path = menu.swift; sourceTree = "<group>"; };
		A98333822BBC5E7400F30A05 /* Comida.swift */ = {isa = PBXFileReference; lastKnownFileType = sourcecode.swift; path = Comida.swift; sourceTree = "<group>"; };
		A98333842BBC68E500F30A05 /* DetalleComida.swift */ = {isa = PBXFileReference; lastKnownFileType = sourcecode.swift; path = DetalleComida.swift; sourceTree = "<group>"; };
		A9898A752BBC3DEA0009E086 /* Carta.app */ = {isa = PBXFileReference; explicitFileType = wrapper.application; includeInIndex = 0; path = Carta.app; sourceTree = BUILT_PRODUCTS_DIR; };
		A9898A782BBC3DEA0009E086 /* CartaApp.swift */ = {isa = PBXFileReference; lastKnownFileType = sourcecode.swift; path = CartaApp.swift; sourceTree = "<group>"; };
		A9898A7A2BBC3DEA0009E086 /* ContentView.swift */ = {isa = PBXFileReference; lastKnownFileType = sourcecode.swift; path = ContentView.swift; sourceTree = "<group>"; };
		A9898A7C2BBC3DEE0009E086 /* Assets.xcassets */ = {isa = PBXFileReference; lastKnownFileType = folder.assetcatalog; path = Assets.xcassets; sourceTree = "<group>"; };
		A9898A7F2BBC3DEE0009E086 /* Preview Assets.xcassets */ = {isa = PBXFileReference; lastKnownFileType = folder.assetcatalog; path = "Preview Assets.xcassets"; sourceTree = "<group>"; };
		A9898A852BBC3DEF0009E086 /* CartaTests.xctest */ = {isa = PBXFileReference; explicitFileType = wrapper.cfbundle; includeInIndex = 0; path = CartaTests.xctest; sourceTree = BUILT_PRODUCTS_DIR; };
		A9898A892BBC3DEF0009E086 /* CartaTests.swift */ = {isa = PBXFileReference; lastKnownFileType = sourcecode.swift; path = CartaTests.swift; sourceTree = "<group>"; };
		A9898A8F2BBC3DF00009E086 /* CartaUITests.xctest */ = {isa = PBXFileReference; explicitFileType = wrapper.cfbundle; includeInIndex = 0; path = CartaUITests.xctest; sourceTree = BUILT_PRODUCTS_DIR; };
		A9898A932BBC3DF00009E086 /* CartaUITests.swift */ = {isa = PBXFileReference; lastKnownFileType = sourcecode.swift; path = CartaUITests.swift; sourceTree = "<group>"; };
		A9898A952BBC3DF00009E086 /* CartaUITestsLaunchTests.swift */ = {isa = PBXFileReference; lastKnownFileType = sourcecode.swift; path = CartaUITestsLaunchTests.swift; sourceTree = "<group>"; };
/* End PBXFileReference section */

/* Begin PBXFrameworksBuildPhase section */
		A9898A722BBC3DEA0009E086 /* Frameworks */ = {
			isa = PBXFrameworksBuildPhase;
			buildActionMask = 2147483647;
			files = (
			);
			runOnlyForDeploymentPostprocessing = 0;
		};
		A9898A822BBC3DEF0009E086 /* Frameworks */ = {
			isa = PBXFrameworksBuildPhase;
			buildActionMask = 2147483647;
			files = (
			);
			runOnlyForDeploymentPostprocessing = 0;
		};
		A9898A8C2BBC3DEF0009E086 /* Frameworks */ = {
			isa = PBXFrameworksBuildPhase;
			buildActionMask = 2147483647;
			files = (
			);
			runOnlyForDeploymentPostprocessing = 0;
		};
/* End PBXFrameworksBuildPhase section */

/* Begin PBXGroup section */
		A9898A6C2BBC3DEA0009E086 = {
			isa = PBXGroup;
			children = (
				A9898A772BBC3DEA0009E086 /* Carta */,
				A9898A882BBC3DEF0009E086 /* CartaTests */,
				A9898A922BBC3DF00009E086 /* CartaUITests */,
				A9898A762BBC3DEA0009E086 /* Products */,
			);
			sourceTree = "<group>";
		};
		A9898A762BBC3DEA0009E086 /* Products */ = {
			isa = PBXGroup;
			children = (
				A9898A752BBC3DEA0009E086 /* Carta.app */,
				A9898A852BBC3DEF0009E086 /* CartaTests.xctest */,
				A9898A8F2BBC3DF00009E086 /* CartaUITests.xctest */,
			);
			name = Products;
			sourceTree = "<group>";
		};
		A9898A772BBC3DEA0009E086 /* Carta */ = {
			isa = PBXGroup;
			children = (
				A9898A782BBC3DEA0009E086 /* CartaApp.swift */,
				A9898A7A2BBC3DEA0009E086 /* ContentView.swift */,
				A9898A7C2BBC3DEE0009E086 /* Assets.xcassets */,
				A9898A7E2BBC3DEE0009E086 /* Preview Content */,
				A983337C2BBC57FC00F30A05 /* VistaPedido.swift */,
				A983337E2BBC59D900F30A05 /* Ayuda.swift */,
				A98333802BBC5C0000F30A05 /* menu.swift */,
				A98333822BBC5E7400F30A05 /* Comida.swift */,
				A98333842BBC68E500F30A05 /* DetalleComida.swift */,
			);
			path = Carta;
			sourceTree = "<group>";
		};
		A9898A7E2BBC3DEE0009E086 /* Preview Content */ = {
			isa = PBXGroup;
			children = (
				A9898A7F2BBC3DEE0009E086 /* Preview Assets.xcassets */,
			);
			path = "Preview Content";
			sourceTree = "<group>";
		};
		A9898A882BBC3DEF0009E086 /* CartaTests */ = {
			isa = PBXGroup;
			children = (
				A9898A892BBC3DEF0009E086 /* CartaTests.swift */,
			);
			path = CartaTests;
			sourceTree = "<group>";
		};
		A9898A922BBC3DF00009E086 /* CartaUITests */ = {
			isa = PBXGroup;
			children = (
				A9898A932BBC3DF00009E086 /* CartaUITests.swift */,
				A9898A952BBC3DF00009E086 /* CartaUITestsLaunchTests.swift */,
			);
			path = CartaUITests;
			sourceTree = "<group>";
		};
/* End PBXGroup section */

/* Begin PBXNativeTarget section */
		A9898A742BBC3DEA0009E086 /* Carta */ = {
			isa = PBXNativeTarget;
			buildConfigurationList = A9898A992BBC3DF00009E086 /* Build configuration list for PBXNativeTarget "Carta" */;
			buildPhases = (
				A9898A712BBC3DEA0009E086 /* Sources */,
				A9898A722BBC3DEA0009E086 /* Frameworks */,
				A9898A732BBC3DEA0009E086 /* Resources */,
			);
			buildRules = (
			);
			dependencies = (
			);
			name = Carta;
			productName = Carta;
			productReference = A9898A752BBC3DEA0009E086 /* Carta.app */;
			productType = "com.apple.product-type.application";
		};
		A9898A842BBC3DEF0009E086 /* CartaTests */ = {
			isa = PBXNativeTarget;
			buildConfigurationList = A9898A9C2BBC3DF00009E086 /* Build configuration list for PBXNativeTarget "CartaTests" */;
			buildPhases = (
				A9898A812BBC3DEF0009E086 /* Sources */,
				A9898A822BBC3DEF0009E086 /* Frameworks */,
				A9898A832BBC3DEF0009E086 /* Resources */,
			);
			buildRules = (
			);
			dependencies = (
				A9898A872BBC3DEF0009E086 /* PBXTargetDependency */,
			);
			name = CartaTests;
			productName = CartaTests;
			productReference = A9898A852BBC3DEF0009E086 /* CartaTests.xctest */;
			productType = "com.apple.product-type.bundle.unit-test";
		};
		A9898A8E2BBC3DEF0009E086 /* CartaUITests */ = {
			isa = PBXNativeTarget;
			buildConfigurationList = A9898A9F2BBC3DF00009E086 /* Build configuration list for PBXNativeTarget "CartaUITests" */;
			buildPhases = (
				A9898A8B2BBC3DEF0009E086 /* Sources */,
				A9898A8C2BBC3DEF0009E086 /* Frameworks */,
				A9898A8D2BBC3DEF0009E086 /* Resources */,
			);
			buildRules = (
			);
			dependencies = (
				A9898A912BBC3DF00009E086 /* PBXTargetDependency */,
			);
			name = CartaUITests;
			productName = CartaUITests;
			productReference = A9898A8F2BBC3DF00009E086 /* CartaUITests.xctest */;
			productType = "com.apple.product-type.bundle.ui-testing";
		};
/* End PBXNativeTarget section */

/* Begin PBXProject section */
		A9898A6D2BBC3DEA0009E086 /* Project object */ = {
			isa = PBXProject;
			attributes = {
				BuildIndependentTargetsInParallel = 1;
				LastSwiftUpdateCheck = 1340;
				LastUpgradeCheck = 1340;
				TargetAttributes = {
					A9898A742BBC3DEA0009E086 = {
						CreatedOnToolsVersion = 13.4;
					};
					A9898A842BBC3DEF0009E086 = {
						CreatedOnToolsVersion = 13.4;
						TestTargetID = A9898A742BBC3DEA0009E086;
					};
					A9898A8E2BBC3DEF0009E086 = {
						CreatedOnToolsVersion = 13.4;
						TestTargetID = A9898A742BBC3DEA0009E086;
					};
				};
			};
			buildConfigurationList = A9898A702BBC3DEA0009E086 /* Build configuration list for PBXProject "Carta" */;
			compatibilityVersion = "Xcode 13.0";
			developmentRegion = en;
			hasScannedForEncodings = 0;
			knownRegions = (
				en,
				Base,
			);
			mainGroup = A9898A6C2BBC3DEA0009E086;
			productRefGroup = A9898A762BBC3DEA0009E086 /* Products */;
			projectDirPath = "";
			projectRoot = "";
			targets = (
				A9898A742BBC3DEA0009E086 /* Carta */,
				A9898A842BBC3DEF0009E086 /* CartaTests */,
				A9898A8E2BBC3DEF0009E086 /* CartaUITests */,
			);
		};
/* End PBXProject section */

/* Begin PBXResourcesBuildPhase section */
		A9898A732BBC3DEA0009E086 /* Resources */ = {
			isa = PBXResourcesBuildPhase;
			buildActionMask = 2147483647;
			files = (
				A9898A802BBC3DEE0009E086 /* Preview Assets.xcassets in Resources */,
				A9898A7D2BBC3DEE0009E086 /* Assets.xcassets in Resources */,
			);
			runOnlyForDeploymentPostprocessing = 0;
		};
		A9898A832BBC3DEF0009E086 /* Resources */ = {
			isa = PBXResourcesBuildPhase;
			buildActionMask = 2147483647;
			files = (
			);
			runOnlyForDeploymentPostprocessing = 0;
		};
		A9898A8D2BBC3DEF0009E086 /* Resources */ = {
			isa = PBXResourcesBuildPhase;
			buildActionMask = 2147483647;
			files = (
			);
			runOnlyForDeploymentPostprocessing = 0;
		};
/* End PBXResourcesBuildPhase section */

/* Begin PBXSourcesBuildPhase section */
		A9898A712BBC3DEA0009E086 /* Sources */ = {
			isa = PBXSourcesBuildPhase;
			buildActionMask = 2147483647;
			files = (
				A9898A7B2BBC3DEA0009E086 /* ContentView.swift in Sources */,
				A9898A792BBC3DEA0009E086 /* CartaApp.swift in Sources */,
				A98333852BBC68E500F30A05 /* DetalleComida.swift in Sources */,
				A98333832BBC5E7400F30A05 /* Comida.swift in Sources */,
				A98333812BBC5C0000F30A05 /* menu.swift in Sources */,
				A983337F2BBC59D900F30A05 /* Ayuda.swift in Sources */,
				A983337D2BBC57FC00F30A05 /* VistaPedido.swift in Sources */,
			);
			runOnlyForDeploymentPostprocessing = 0;
		};
		A9898A812BBC3DEF0009E086 /* Sources */ = {
			isa = PBXSourcesBuildPhase;
			buildActionMask = 2147483647;
			files = (
				A9898A8A2BBC3DEF0009E086 /* CartaTests.swift in Sources */,
			);
			runOnlyForDeploymentPostprocessing = 0;
		};
		A9898A8B2BBC3DEF0009E086 /* Sources */ = {
			isa = PBXSourcesBuildPhase;
			buildActionMask = 2147483647;
			files = (
				A9898A962BBC3DF00009E086 /* CartaUITestsLaunchTests.swift in Sources */,
				A9898A942BBC3DF00009E086 /* CartaUITests.swift in Sources */,
			);
			runOnlyForDeploymentPostprocessing = 0;
		};
/* End PBXSourcesBuildPhase section */

/* Begin PBXTargetDependency section */
		A9898A872BBC3DEF0009E086 /* PBXTargetDependency */ = {
			isa = PBXTargetDependency;
			target = A9898A742BBC3DEA0009E086 /* Carta */;
			targetProxy = A9898A862BBC3DEF0009E086 /* PBXContainerItemProxy */;
		};
		A9898A912BBC3DF00009E086 /* PBXTargetDependency */ = {
			isa = PBXTargetDependency;
			target = A9898A742BBC3DEA0009E086 /* Carta */;
			targetProxy = A9898A902BBC3DF00009E086 /* PBXContainerItemProxy */;
		};
/* End PBXTargetDependency section */

/* Begin XCBuildConfiguration section */
		A9898A972BBC3DF00009E086 /* Debug */ = {
			isa = XCBuildConfiguration;
			buildSettings = {
				ALWAYS_SEARCH_USER_PATHS = NO;
				CLANG_ANALYZER_NONNULL = YES;
				CLANG_ANALYZER_NUMBER_OBJECT_CONVERSION = YES_AGGRESSIVE;
				CLANG_CXX_LANGUAGE_STANDARD = "gnu++17";
				CLANG_ENABLE_MODULES = YES;
				CLANG_ENABLE_OBJC_ARC = YES;
				CLANG_ENABLE_OBJC_WEAK = YES;
				CLANG_WARN_BLOCK_CAPTURE_AUTORELEASING = YES;
				CLANG_WARN_BOOL_CONVERSION = YES;
				CLANG_WARN_COMMA = YES;
				CLANG_WARN_CONSTANT_CONVERSION = YES;
				CLANG_WARN_DEPRECATED_OBJC_IMPLEMENTATIONS = YES;
				CLANG_WARN_DIRECT_OBJC_ISA_USAGE = YES_ERROR;
				CLANG_WARN_DOCUMENTATION_COMMENTS = YES;
				CLANG_WARN_EMPTY_BODY = YES;
				CLANG_WARN_ENUM_CONVERSION = YES;
				CLANG_WARN_INFINITE_RECURSION = YES;
				CLANG_WARN_INT_CONVERSION = YES;
				CLANG_WARN_NON_LITERAL_NULL_CONVERSION = YES;
				CLANG_WARN_OBJC_IMPLICIT_RETAIN_SELF = YES;
				CLANG_WARN_OBJC_LITERAL_CONVERSION = YES;
				CLANG_WARN_OBJC_ROOT_CLASS = YES_ERROR;
				CLANG_WARN_QUOTED_INCLUDE_IN_FRAMEWORK_HEADER = YES;
				CLANG_WARN_RANGE_LOOP_ANALYSIS = YES;
				CLANG_WARN_STRICT_PROTOTYPES = YES;
				CLANG_WARN_SUSPICIOUS_MOVE = YES;
				CLANG_WARN_UNGUARDED_AVAILABILITY = YES_AGGRESSIVE;
				CLANG_WARN_UNREACHABLE_CODE = YES;
				CLANG_WARN__DUPLICATE_METHOD_MATCH = YES;
				COPY_PHASE_STRIP = NO;
				DEBUG_INFORMATION_FORMAT = dwarf;
				ENABLE_STRICT_OBJC_MSGSEND = YES;
				ENABLE_TESTABILITY = YES;
				GCC_C_LANGUAGE_STANDARD = gnu11;
				GCC_DYNAMIC_NO_PIC = NO;
				GCC_NO_COMMON_BLOCKS = YES;
				GCC_OPTIMIZATION_LEVEL = 0;
				GCC_PREPROCESSOR_DEFINITIONS = (
					"DEBUG=1",
					"$(inherited)",
				);
				GCC_WARN_64_TO_32_BIT_CONVERSION = YES;
				GCC_WARN_ABOUT_RETURN_TYPE = YES_ERROR;
				GCC_WARN_UNDECLARED_SELECTOR = YES;
				GCC_WARN_UNINITIALIZED_AUTOS = YES_AGGRESSIVE;
				GCC_WARN_UNUSED_FUNCTION = YES;
				GCC_WARN_UNUSED_VARIABLE = YES;
				IPHONEOS_DEPLOYMENT_TARGET = 15.5;
				MTL_ENABLE_DEBUG_INFO = INCLUDE_SOURCE;
				MTL_FAST_MATH = YES;
				ONLY_ACTIVE_ARCH = YES;
				SDKROOT = iphoneos;
				SWIFT_ACTIVE_COMPILATION_CONDITIONS = DEBUG;
				SWIFT_OPTIMIZATION_LEVEL = "-Onone";
			};
			name = Debug;
		};
		A9898A982BBC3DF00009E086 /* Release */ = {
			isa = XCBuildConfiguration;
			buildSettings = {
				ALWAYS_SEARCH_USER_PATHS = NO;
				CLANG_ANALYZER_NONNULL = YES;
				CLANG_ANALYZER_NUMBER_OBJECT_CONVERSION = YES_AGGRESSIVE;
				CLANG_CXX_LANGUAGE_STANDARD = "gnu++17";
				CLANG_ENABLE_MODULES = YES;
				CLANG_ENABLE_OBJC_ARC = YES;
				CLANG_ENABLE_OBJC_WEAK = YES;
				CLANG_WARN_BLOCK_CAPTURE_AUTORELEASING = YES;
				CLANG_WARN_BOOL_CONVERSION = YES;
				CLANG_WARN_COMMA = YES;
				CLANG_WARN_CONSTANT_CONVERSION = YES;
				CLANG_WARN_DEPRECATED_OBJC_IMPLEMENTATIONS = YES;
				CLANG_WARN_DIRECT_OBJC_ISA_USAGE = YES_ERROR;
				CLANG_WARN_DOCUMENTATION_COMMENTS = YES;
				CLANG_WARN_EMPTY_BODY = YES;
				CLANG_WARN_ENUM_CONVERSION = YES;
				CLANG_WARN_INFINITE_RECURSION = YES;
				CLANG_WARN_INT_CONVERSION = YES;
				CLANG_WARN_NON_LITERAL_NULL_CONVERSION = YES;
				CLANG_WARN_OBJC_IMPLICIT_RETAIN_SELF = YES;
				CLANG_WARN_OBJC_LITERAL_CONVERSION = YES;
				CLANG_WARN_OBJC_ROOT_CLASS = YES_ERROR;
				CLANG_WARN_QUOTED_INCLUDE_IN_FRAMEWORK_HEADER = YES;
				CLANG_WARN_RANGE_LOOP_ANALYSIS = YES;
				CLANG_WARN_STRICT_PROTOTYPES = YES;
				CLANG_WARN_SUSPICIOUS_MOVE = YES;
				CLANG_WARN_UNGUARDED_AVAILABILITY = YES_AGGRESSIVE;
				CLANG_WARN_UNREACHABLE_CODE = YES;
				CLANG_WARN__DUPLICATE_METHOD_MATCH = YES;
				COPY_PHASE_STRIP = NO;
				DEBUG_INFORMATION_FORMAT = "dwarf-with-dsym";
				ENABLE_NS_ASSERTIONS = NO;
				ENABLE_STRICT_OBJC_MSGSEND = YES;
				GCC_C_LANGUAGE_STANDARD = gnu11;
				GCC_NO_COMMON_BLOCKS = YES;
				GCC_WARN_64_TO_32_BIT_CONVERSION = YES;
				GCC_WARN_ABOUT_RETURN_TYPE = YES_ERROR;
				GCC_WARN_UNDECLARED_SELECTOR = YES;
				GCC_WARN_UNINITIALIZED_AUTOS = YES_AGGRESSIVE;
				GCC_WARN_UNUSED_FUNCTION = YES;
				GCC_WARN_UNUSED_VARIABLE = YES;
				IPHONEOS_DEPLOYMENT_TARGET = 15.5;
				MTL_ENABLE_DEBUG_INFO = NO;
				MTL_FAST_MATH = YES;
				SDKROOT = iphoneos;
				SWIFT_COMPILATION_MODE = wholemodule;
				SWIFT_OPTIMIZATION_LEVEL = "-O";
				VALIDATE_PRODUCT = YES;
			};
			name = Release;
		};
		A9898A9A2BBC3DF00009E086 /* Debug */ = {
			isa = XCBuildConfiguration;
			buildSettings = {
				ASSETCATALOG_COMPILER_APPICON_NAME = AppIcon;
				ASSETCATALOG_COMPILER_GLOBAL_ACCENT_COLOR_NAME = AccentColor;
				CODE_SIGN_STYLE = Automatic;
				CURRENT_PROJECT_VERSION = 1;
				DEVELOPMENT_ASSET_PATHS = "\"Carta/Preview Content\"";
				DEVELOPMENT_TEAM = 8YMN7MCSQM;
				ENABLE_PREVIEWS = YES;
				GENERATE_INFOPLIST_FILE = YES;
				INFOPLIST_KEY_UIApplicationSceneManifest_Generation = YES;
				INFOPLIST_KEY_UIApplicationSupportsIndirectInputEvents = YES;
				INFOPLIST_KEY_UILaunchScreen_Generation = YES;
				INFOPLIST_KEY_UISupportedInterfaceOrientations_iPad = "UIInterfaceOrientationPortrait UIInterfaceOrientationPortraitUpsideDown UIInterfaceOrientationLandscapeLeft UIInterfaceOrientationLandscapeRight";
				INFOPLIST_KEY_UISupportedInterfaceOrientations_iPhone = "UIInterfaceOrientationPortrait UIInterfaceOrientationLandscapeLeft UIInterfaceOrientationLandscapeRight";
				LD_RUNPATH_SEARCH_PATHS = (
					"$(inherited)",
					"@executable_path/Frameworks",
				);
				MARKETING_VERSION = 1.0;
				PRODUCT_BUNDLE_IDENTIFIER = Marco.Carta;
				PRODUCT_NAME = "$(TARGET_NAME)";
				SWIFT_EMIT_LOC_STRINGS = YES;
				SWIFT_VERSION = 5.0;
				TARGETED_DEVICE_FAMILY = "1,2";
			};
			name = Debug;
		};
		A9898A9B2BBC3DF00009E086 /* Release */ = {
			isa = XCBuildConfiguration;
			buildSettings = {
				ASSETCATALOG_COMPILER_APPICON_NAME = AppIcon;
				ASSETCATALOG_COMPILER_GLOBAL_ACCENT_COLOR_NAME = AccentColor;
				CODE_SIGN_STYLE = Automatic;
				CURRENT_PROJECT_VERSION = 1;
				DEVELOPMENT_ASSET_PATHS = "\"Carta/Preview Content\"";
				DEVELOPMENT_TEAM = 8YMN7MCSQM;
				ENABLE_PREVIEWS = YES;
				GENERATE_INFOPLIST_FILE = YES;
				INFOPLIST_KEY_UIApplicationSceneManifest_Generation = YES;
				INFOPLIST_KEY_UIApplicationSupportsIndirectInputEvents = YES;
				INFOPLIST_KEY_UILaunchScreen_Generation = YES;
				INFOPLIST_KEY_UISupportedInterfaceOrientations_iPad = "UIInterfaceOrientationPortrait UIInterfaceOrientationPortraitUpsideDown UIInterfaceOrientationLandscapeLeft UIInterfaceOrientationLandscapeRight";
				INFOPLIST_KEY_UISupportedInterfaceOrientations_iPhone = "UIInterfaceOrientationPortrait UIInterfaceOrientationLandscapeLeft UIInterfaceOrientationLandscapeRight";
				LD_RUNPATH_SEARCH_PATHS = (
					"$(inherited)",
					"@executable_path/Frameworks",
				);
				MARKETING_VERSION = 1.0;
				PRODUCT_BUNDLE_IDENTIFIER = Marco.Carta;
				PRODUCT_NAME = "$(TARGET_NAME)";
				SWIFT_EMIT_LOC_STRINGS = YES;
				SWIFT_VERSION = 5.0;
				TARGETED_DEVICE_FAMILY = "1,2";
			};
			name = Release;
		};
		A9898A9D2BBC3DF00009E086 /* Debug */ = {
			isa = XCBuildConfiguration;
			buildSettings = {
				ALWAYS_EMBED_SWIFT_STANDARD_LIBRARIES = YES;
				BUNDLE_LOADER = "$(TEST_HOST)";
				CODE_SIGN_STYLE = Automatic;
				CURRENT_PROJECT_VERSION = 1;
				DEVELOPMENT_TEAM = 8YMN7MCSQM;
				GENERATE_INFOPLIST_FILE = YES;
				IPHONEOS_DEPLOYMENT_TARGET = 15.5;
				MARKETING_VERSION = 1.0;
				PRODUCT_BUNDLE_IDENTIFIER = Marco.CartaTests;
				PRODUCT_NAME = "$(TARGET_NAME)";
				SWIFT_EMIT_LOC_STRINGS = NO;
				SWIFT_VERSION = 5.0;
				TARGETED_DEVICE_FAMILY = "1,2";
				TEST_HOST = "$(BUILT_PRODUCTS_DIR)/Carta.app/Carta";
			};
			name = Debug;
		};
		A9898A9E2BBC3DF00009E086 /* Release */ = {
			isa = XCBuildConfiguration;
			buildSettings = {
				ALWAYS_EMBED_SWIFT_STANDARD_LIBRARIES = YES;
				BUNDLE_LOADER = "$(TEST_HOST)";
				CODE_SIGN_STYLE = Automatic;
				CURRENT_PROJECT_VERSION = 1;
				DEVELOPMENT_TEAM = 8YMN7MCSQM;
				GENERATE_INFOPLIST_FILE = YES;
				IPHONEOS_DEPLOYMENT_TARGET = 15.5;
				MARKETING_VERSION = 1.0;
				PRODUCT_BUNDLE_IDENTIFIER = Marco.CartaTests;
				PRODUCT_NAME = "$(TARGET_NAME)";
				SWIFT_EMIT_LOC_STRINGS = NO;
				SWIFT_VERSION = 5.0;
				TARGETED_DEVICE_FAMILY = "1,2";
				TEST_HOST = "$(BUILT_PRODUCTS_DIR)/Carta.app/Carta";
			};
			name = Release;
		};
		A9898AA02BBC3DF00009E086 /* Debug */ = {
			isa = XCBuildConfiguration;
			buildSettings = {
				ALWAYS_EMBED_SWIFT_STANDARD_LIBRARIES = YES;
				CODE_SIGN_STYLE = Automatic;
				CURRENT_PROJECT_VERSION = 1;
				DEVELOPMENT_TEAM = 8YMN7MCSQM;
				GENERATE_INFOPLIST_FILE = YES;
				MARKETING_VERSION = 1.0;
				PRODUCT_BUNDLE_IDENTIFIER = Marco.CartaUITests;
				PRODUCT_NAME = "$(TARGET_NAME)";
				SWIFT_EMIT_LOC_STRINGS = NO;
				SWIFT_VERSION = 5.0;
				TARGETED_DEVICE_FAMILY = "1,2";
				TEST_TARGET_NAME = Carta;
			};
			name = Debug;
		};
		A9898AA12BBC3DF00009E086 /* Release */ = {
			isa = XCBuildConfiguration;
			buildSettings = {
				ALWAYS_EMBED_SWIFT_STANDARD_LIBRARIES = YES;
				CODE_SIGN_STYLE = Automatic;
				CURRENT_PROJECT_VERSION = 1;
				DEVELOPMENT_TEAM = 8YMN7MCSQM;
				GENERATE_INFOPLIST_FILE = YES;
				MARKETING_VERSION = 1.0;
				PRODUCT_BUNDLE_IDENTIFIER = Marco.CartaUITests;
				PRODUCT_NAME = "$(TARGET_NAME)";
				SWIFT_EMIT_LOC_STRINGS = NO;
				SWIFT_VERSION = 5.0;
				TARGETED_DEVICE_FAMILY = "1,2";
				TEST_TARGET_NAME = Carta;
			};
			name = Release;
		};
/* End XCBuildConfiguration section */

/* Begin XCConfigurationList section */
		A9898A702BBC3DEA0009E086 /* Build configuration list for PBXProject "Carta" */ = {
			isa = XCConfigurationList;
			buildConfigurations = (
				A9898A972BBC3DF00009E086 /* Debug */,
				A9898A982BBC3DF00009E086 /* Release */,
			);
			defaultConfigurationIsVisible = 0;
			defaultConfigurationName = Release;
		};
		A9898A992BBC3DF00009E086 /* Build configuration list for PBXNativeTarget "Carta" */ = {
			isa = XCConfigurationList;
			buildConfigurations = (
				A9898A9A2BBC3DF00009E086 /* Debug */,
				A9898A9B2BBC3DF00009E086 /* Release */,
			);
			defaultConfigurationIsVisible = 0;
			defaultConfigurationName = Release;
		};
		A9898A9C2BBC3DF00009E086 /* Build configuration list for PBXNativeTarget "CartaTests" */ = {
			isa = XCConfigurationList;
			buildConfigurations = (
				A9898A9D2BBC3DF00009E086 /* Debug */,
				A9898A9E2BBC3DF00009E086 /* Release */,
			);
			defaultConfigurationIsVisible = 0;
			defaultConfigurationName = Release;
		};
		A9898A9F2BBC3DF00009E086 /* Build configuration list for PBXNativeTarget "CartaUITests" */ = {
			isa = XCConfigurationList;
			buildConfigurations = (
				A9898AA02BBC3DF00009E086 /* Debug */,
				A9898AA12BBC3DF00009E086 /* Release */,
			);
			defaultConfigurationIsVisible = 0;
			defaultConfigurationName = Release;
		};
/* End XCConfigurationList section */
	};
	rootObject = A9898A6D2BBC3DEA0009E086 /* Project object */;
}
